{
  "requires": true,
  "lockfileVersion": 1,
  "dependencies": {
    "lodash.get": {
      "version": "4.4.2",
      "resolved": "https://registry.npmjs.org/lodash.get/-/lodash.get-4.4.2.tgz",
      "integrity": "sha1-LRd/ZS+jHpObRDjVNBSZ36OCXpk="
    },
    "lodash.set": {
      "version": "4.3.2",
      "resolved": "https://registry.npmjs.org/lodash.set/-/lodash.set-4.3.2.tgz",
      "integrity": "sha1-2HV7HagH3eJIFrDWqEvqGnYjCyM="
    },
    "maskdata": {
      "version": "1.1.6",
      "resolved": "https://registry.npmjs.org/maskdata/-/maskdata-1.1.6.tgz",
      "integrity": "sha512-37GD3UH4jJxOjVLlX6isbnvpVjSsyz2RwLqcq3uBQ8lZFJw4hn3nnN8QLELjsR1m+msrNWqv9YoV7iOTEUwkpA==",
      "requires": {
        "lodash.get": "^4.4.2",
        "lodash.set": "^4.3.2"
      }
    }
  }
}
